github.com/iwdgo/testingfiles v1.0.0 h1:AZafQb2PilYYad12sMOYFJqFJJcwo10AHTupOjf34b0=
github.com/iwdgo/testingfiles v1.0.0/go.mod h1:m0dohDiXp6yUcbk1gWJdfea6VZV0djHpwwMl3Xye3Nk=
github.com/iwdgo/testingfiles v1.0.3 h1:1A9c66LgNtZL+EHC244aqp4VJDUb0VOq3FQ0Im6jflI=
github.com/iwdgo/testingfiles v1.0.3/go.mod h1:m0dohDiXp6yUcbk1gWJdfea6VZV0djHpwwMl3Xye3Nk=
